
Microsoft Visual Studio Solution File, Format Version 12.00
# Visual Studio Version 17
VisualStudioVersion = 17.14.36603.0 d17.14
MinimumVisualStudioVersion = 10.0.40219.1
Project("{FAE04EC0-301F-11D3-BF4B-00C04F79EFBC}") = "StoreManagementBlazor", "StoreManagementBlazor\StoreManagementBlazor.csproj", "{E8EFB619-3EF3-479D-AD36-DA862BFB2472}"
EndProject
Global
	GlobalSection(SolutionConfigurationPlatforms) = preSolution
		Debug|Any CPU = Debug|Any CPU
		Release|Any CPU = Release|Any CPU
	EndGlobalSection
	GlobalSection(ProjectConfigurationPlatforms) = postSolution
		{E8EFB619-3EF3-479D-AD36-DA862BFB2472}.Debug|Any CPU.ActiveCfg = Debug|Any CPU
		{E8EFB619-3EF3-479D-AD36-DA862BFB2472}.Debug|Any CPU.Build.0 = Debug|Any CPU
		{E8EFB619-3EF3-479D-AD36-DA862BFB2472}.Release|Any CPU.ActiveCfg = Release|Any CPU
		{E8EFB619-3EF3-479D-AD36-DA862BFB2472}.Release|Any CPU.Build.0 = Release|Any CPU
	EndGlobalSection
	GlobalSection(SolutionProperties) = preSolution
		HideSolutionNode = FALSE
	EndGlobalSection
	GlobalSection(ExtensibilityGlobals) = postSolution
		SolutionGuid = {2432B9E4-B44C-4D2B-A36E-B05E363DF7FF}
	EndGlobalSection
EndGlobal
